
Microsoft Visual Studio Solution File, Format Version 12.00
# Visual Studio 15
VisualStudioVersion = 15.0.26228.12
MinimumVisualStudioVersion = 10.0.40219.1
Project("{FAE04EC0-301F-11D3-BF4B-00C04F79EFBC}") = "SearchAlgorithmsLib", "SearchAlgorithmsLib\SearchAlgorithmsLib.csproj", "{5AA36579-E931-47D7-B7F3-60F59E9917A2}"
EndProject
Project("{FAE04EC0-301F-11D3-BF4B-00C04F79EFBC}") = "MazeAdaptorApp", "maze\MazeAdaptorApp.csproj", "{457661A0-00D9-4AC2-A837-88F261AE4946}"
EndProject
Project("{FAE04EC0-301F-11D3-BF4B-00C04F79EFBC}") = "ServerProject", "sockets\ServerProject.csproj", "{99D79817-9259-40D3-8004-E6D86853DC03}"
EndProject
Project("{FAE04EC0-301F-11D3-BF4B-00C04F79EFBC}") = "ClientProject", "ClientProject\ClientProject.csproj", "{AFF6F0C2-B9B0-4E8D-A86B-DF763391C503}"
EndProject
Project("{2150E333-8FDC-42A3-9474-1A3956D46DE8}") = "Solution Items", "Solution Items", "{52B7D674-A2E9-41DF-B04E-1D2915AE5750}"
	ProjectSection(SolutionItems) = preProject
		Controller.cs = Controller.cs
		GenerateMazeCommand.cs = GenerateMazeCommand.cs
		ICommand.cs = ICommand.cs
		Maze.cs = Maze.cs
	EndProjectSection
EndProject
Project("{FAE04EC0-301F-11D3-BF4B-00C04F79EFBC}") = "Controller", "Controller\Controller.csproj", "{A7148E8B-4091-46BB-8F9A-D3E9E4486768}"
EndProject
Global
	GlobalSection(SolutionConfigurationPlatforms) = preSolution
		Debug|Any CPU = Debug|Any CPU
		Release|Any CPU = Release|Any CPU
	EndGlobalSection
	GlobalSection(ProjectConfigurationPlatforms) = postSolution
		{5AA36579-E931-47D7-B7F3-60F59E9917A2}.Debug|Any CPU.ActiveCfg = Debug|Any CPU
		{5AA36579-E931-47D7-B7F3-60F59E9917A2}.Debug|Any CPU.Build.0 = Debug|Any CPU
		{5AA36579-E931-47D7-B7F3-60F59E9917A2}.Release|Any CPU.ActiveCfg = Release|Any CPU
		{5AA36579-E931-47D7-B7F3-60F59E9917A2}.Release|Any CPU.Build.0 = Release|Any CPU
		{457661A0-00D9-4AC2-A837-88F261AE4946}.Debug|Any CPU.ActiveCfg = Debug|Any CPU
		{457661A0-00D9-4AC2-A837-88F261AE4946}.Debug|Any CPU.Build.0 = Debug|Any CPU
		{457661A0-00D9-4AC2-A837-88F261AE4946}.Release|Any CPU.ActiveCfg = Release|Any CPU
		{457661A0-00D9-4AC2-A837-88F261AE4946}.Release|Any CPU.Build.0 = Release|Any CPU
		{99D79817-9259-40D3-8004-E6D86853DC03}.Debug|Any CPU.ActiveCfg = Debug|Any CPU
		{99D79817-9259-40D3-8004-E6D86853DC03}.Debug|Any CPU.Build.0 = Debug|Any CPU
		{99D79817-9259-40D3-8004-E6D86853DC03}.Release|Any CPU.ActiveCfg = Release|Any CPU
		{99D79817-9259-40D3-8004-E6D86853DC03}.Release|Any CPU.Build.0 = Release|Any CPU
		{AFF6F0C2-B9B0-4E8D-A86B-DF763391C503}.Debug|Any CPU.ActiveCfg = Debug|Any CPU
		{AFF6F0C2-B9B0-4E8D-A86B-DF763391C503}.Debug|Any CPU.Build.0 = Debug|Any CPU
		{AFF6F0C2-B9B0-4E8D-A86B-DF763391C503}.Release|Any CPU.ActiveCfg = Release|Any CPU
		{AFF6F0C2-B9B0-4E8D-A86B-DF763391C503}.Release|Any CPU.Build.0 = Release|Any CPU
		{A7148E8B-4091-46BB-8F9A-D3E9E4486768}.Debug|Any CPU.ActiveCfg = Debug|Any CPU
		{A7148E8B-4091-46BB-8F9A-D3E9E4486768}.Debug|Any CPU.Build.0 = Debug|Any CPU
		{A7148E8B-4091-46BB-8F9A-D3E9E4486768}.Release|Any CPU.ActiveCfg = Release|Any CPU
		{A7148E8B-4091-46BB-8F9A-D3E9E4486768}.Release|Any CPU.Build.0 = Release|Any CPU
	EndGlobalSection
	GlobalSection(SolutionProperties) = preSolution
		HideSolutionNode = FALSE
	EndGlobalSection
EndGlobal
